
Microsoft Visual Studio Solution File, Format Version 12.00
# Visual Studio Version 17
VisualStudioVersion = 17.9.34728.123
MinimumVisualStudioVersion = 10.0.40219.1
Project("{FAE04EC0-301F-11D3-BF4B-00C04F79EFBC}") = "Builder", "Builder\Builder.csproj", "{F92E6FB8-C011-4B9A-B30E-5C030611DB2F}"
EndProject
Global
	GlobalSection(SolutionConfigurationPlatforms) = preSolution
		Debug|Any CPU = Debug|Any CPU
		Release|Any CPU = Release|Any CPU
	EndGlobalSection
	GlobalSection(ProjectConfigurationPlatforms) = postSolution
		{F92E6FB8-C011-4B9A-B30E-5C030611DB2F}.Debug|Any CPU.ActiveCfg = Debug|Any CPU
		{F92E6FB8-C011-4B9A-B30E-5C030611DB2F}.Debug|Any CPU.Build.0 = Debug|Any CPU
		{F92E6FB8-C011-4B9A-B30E-5C030611DB2F}.Release|Any CPU.ActiveCfg = Release|Any CPU
		{F92E6FB8-C011-4B9A-B30E-5C030611DB2F}.Release|Any CPU.Build.0 = Release|Any CPU
	EndGlobalSection
	GlobalSection(SolutionProperties) = preSolution
		HideSolutionNode = FALSE
	EndGlobalSection
	GlobalSection(ExtensibilityGlobals) = postSolution
		SolutionGuid = {0B1485D3-96CE-46B6-A7B4-1B6CCF121639}
	EndGlobalSection
EndGlobal
